
Microsoft Visual Studio Solution File, Format Version 12.00
# Visual Studio Version 17
VisualStudioVersion = 17.7.34024.191
MinimumVisualStudioVersion = 10.0.40219.1
Project("{9A19103F-16F7-4668-BE54-9A1E7A4F7556}") = "WebApi", "WebApi\WebApi.csproj", "{680B2F95-EACC-4003-9F1B-81C6F16C2A9E}"
EndProject
Project("{2150E333-8FDC-42A3-9474-1A3956D46DE8}") = "SolutionItems", "SolutionItems", "{02A4FB55-ADA2-4FE2-8043-C256A9DB32DC}"
EndProject
Project("{2150E333-8FDC-42A3-9474-1A3956D46DE8}") = "DevOps", "DevOps", "{98923279-E6B6-4406-8652-D3623BA8CF86}"
	ProjectSection(SolutionItems) = preProject
		devops\grafana\grafana-datasources.yaml = devops\grafana\grafana-datasources.yaml
		devops\otel\otel-collector-config.yml = devops\otel\otel-collector-config.yml
		devops\tempo\tempo.yaml = devops\tempo\tempo.yaml
	EndProjectSection
EndProject
Global
	GlobalSection(SolutionConfigurationPlatforms) = preSolution
		Debug|Any CPU = Debug|Any CPU
		Release|Any CPU = Release|Any CPU
	EndGlobalSection
	GlobalSection(ProjectConfigurationPlatforms) = postSolution
		{680B2F95-EACC-4003-9F1B-81C6F16C2A9E}.Debug|Any CPU.ActiveCfg = Debug|Any CPU
		{680B2F95-EACC-4003-9F1B-81C6F16C2A9E}.Debug|Any CPU.Build.0 = Debug|Any CPU
		{680B2F95-EACC-4003-9F1B-81C6F16C2A9E}.Release|Any CPU.ActiveCfg = Release|Any CPU
		{680B2F95-EACC-4003-9F1B-81C6F16C2A9E}.Release|Any CPU.Build.0 = Release|Any CPU
	EndGlobalSection
	GlobalSection(SolutionProperties) = preSolution
		HideSolutionNode = FALSE
	EndGlobalSection
	GlobalSection(ExtensibilityGlobals) = postSolution
		SolutionGuid = {42FCCAF0-3717-4FC3-8C86-A7142EFD977F}
	EndGlobalSection
EndGlobal
